// !$*UTF8*$!
{
	archiveVersion = 1;
	classes = {
	};
	objectVersion = 48;
	objects = {

/* Begin PBXBuildFile section */
		EB042B4120A34CF600A1CD5D /* BarcodeViewController.swift in Sources */ = {isa = PBXBuildFile; fileRef = EB042B4020A34CF600A1CD5D /* BarcodeViewController.swift */; };
		EB06626E20B0C23200EC5762 /* Rutas.db in Resources */ = {isa = PBXBuildFile; fileRef = EB06626D20B0C23200EC5762 /* Rutas.db */; };
		EB082C57209391E200E5CCCA /* popayan_logo2.png in Resources */ = {isa = PBXBuildFile; fileRef = EB082C56209391E200E5CCCA /* popayan_logo2.png */; };
		EBB9E9942093F2BB0095A4B6 /* RutaTableViewController.swift in Sources */ = {isa = PBXBuildFile; fileRef = EBB9E9932093F2BB0095A4B6 /* RutaTableViewController.swift */; };
		EBB9E9962093F3240095A4B6 /* Ruta.swift in Sources */ = {isa = PBXBuildFile; fileRef = EBB9E9952093F3240095A4B6 /* Ruta.swift */; };
		EBB9E9982093F5F00095A4B6 /* RutasManager.swift in Sources */ = {isa = PBXBuildFile; fileRef = EBB9E9972093F5F00095A4B6 /* RutasManager.swift */; };
		EBB9E99C209405080095A4B6 /* RutaViewController.swift in Sources */ = {isa = PBXBuildFile; fileRef = EBB9E99B209405080095A4B6 /* RutaViewController.swift */; };
		EBCF0B23209789490048D46D /* ruta.png in Resources */ = {isa = PBXBuildFile; fileRef = EBCF0B22209789490048D46D /* ruta.png */; };
		EBD2AA15208173620013E932 /* AppDelegate.swift in Sources */ = {isa = PBXBuildFile; fileRef = EBD2AA14208173620013E932 /* AppDelegate.swift */; };
		EBD2AA17208173620013E932 /* ViewController.swift in Sources */ = {isa = PBXBuildFile; fileRef = EBD2AA16208173620013E932 /* ViewController.swift */; };
		EBD2AA1A208173620013E932 /* Main.storyboard in Resources */ = {isa = PBXBuildFile; fileRef = EBD2AA18208173620013E932 /* Main.storyboard */; };
		EBD2AA1C208173620013E932 /* Assets.xcassets in Resources */ = {isa = PBXBuildFile; fileRef = EBD2AA1B208173620013E932 /* Assets.xcassets */; };
		EBD2AA1F208173620013E932 /* LaunchScreen.storyboard in Resources */ = {isa = PBXBuildFile; fileRef = EBD2AA1D208173620013E932 /* LaunchScreen.storyboard */; };
		EBD2AA27208174BA0013E932 /* popayan_logo.png in Resources */ = {isa = PBXBuildFile; fileRef = EBD2AA26208174BA0013E932 /* popayan_logo.png */; };
/* End PBXBuildFile section */

/* Begin PBXFileReference section */
		EB042B4020A34CF600A1CD5D /* BarcodeViewController.swift */ = {isa = PBXFileReference; lastKnownFileType = sourcecode.swift; path = BarcodeViewController.swift; sourceTree = "<group>"; };
		EB06626D20B0C23200EC5762 /* Rutas.db */ = {isa = PBXFileReference; lastKnownFileType = file; path = Rutas.db; sourceTree = "<group>"; };
		EB082C56209391E200E5CCCA /* popayan_logo2.png */ = {isa = PBXFileReference; lastKnownFileType = image.png; path = popayan_logo2.png; sourceTree = "<group>"; };
		EBB9E9932093F2BB0095A4B6 /* RutaTableViewController.swift */ = {isa = PBXFileReference; lastKnownFileType = sourcecode.swift; path = RutaTableViewController.swift; sourceTree = "<group>"; };
		EBB9E9952093F3240095A4B6 /* Ruta.swift */ = {isa = PBXFileReference; lastKnownFileType = sourcecode.swift; path = Ruta.swift; sourceTree = "<group>"; };
		EBB9E9972093F5F00095A4B6 /* RutasManager.swift */ = {isa = PBXFileReference; lastKnownFileType = sourcecode.swift; path = RutasManager.swift; sourceTree = "<group>"; };
		EBB9E99B209405080095A4B6 /* RutaViewController.swift */ = {isa = PBXFileReference; lastKnownFileType = sourcecode.swift; path = RutaViewController.swift; sourceTree = "<group>"; };
		EBCF0B22209789490048D46D /* ruta.png */ = {isa = PBXFileReference; lastKnownFileType = image.png; path = ruta.png; sourceTree = "<group>"; };
		EBD2AA11208173620013E932 /* InfoBus.app */ = {isa = PBXFileReference; explicitFileType = wrapper.application; includeInIndex = 0; path = InfoBus.app; sourceTree = BUILT_PRODUCTS_DIR; };
		EBD2AA14208173620013E932 /* AppDelegate.swift */ = {isa = PBXFileReference; lastKnownFileType = sourcecode.swift; path = AppDelegate.swift; sourceTree = "<group>"; };
		EBD2AA16208173620013E932 /* ViewController.swift */ = {isa = PBXFileReference; lastKnownFileType = sourcecode.swift; path = ViewController.swift; sourceTree = "<group>"; };
		EBD2AA19208173620013E932 /* Base */ = {isa = PBXFileReference; lastKnownFileType = file.storyboard; name = Base; path = Base.lproj/Main.storyboard; sourceTree = "<group>"; };
		EBD2AA1B208173620013E932 /* Assets.xcassets */ = {isa = PBXFileReference; lastKnownFileType = folder.assetcatalog; path = Assets.xcassets; sourceTree = "<group>"; };
		EBD2AA1E208173620013E932 /* Base */ = {isa = PBXFileReference; lastKnownFileType = file.storyboard; name = Base; path = Base.lproj/LaunchScreen.storyboard; sourceTree = "<group>"; };
		EBD2AA20208173620013E932 /* Info.plist */ = {isa = PBXFileReference; lastKnownFileType = text.plist.xml; path = Info.plist; sourceTree = "<group>"; };
		EBD2AA26208174BA0013E932 /* popayan_logo.png */ = {isa = PBXFileReference; lastKnownFileType = image.png; path = popayan_logo.png; sourceTree = "<group>"; };
/* End PBXFileReference section */

/* Begin PBXFrameworksBuildPhase section */
		EBD2AA0E208173620013E932 /* Frameworks */ = {
			isa = PBXFrameworksBuildPhase;
			buildActionMask = 2147483647;
			files = (
			);
			runOnlyForDeploymentPostprocessing = 0;
		};
/* End PBXFrameworksBuildPhase section */

/* Begin PBXGroup section */
		EBD2AA08208173620013E932 = {
			isa = PBXGroup;
			children = (
				EBD2AA13208173620013E932 /* InfoBus */,
				EBD2AA12208173620013E932 /* Products */,
			);
			sourceTree = "<group>";
		};
		EBD2AA12208173620013E932 /* Products */ = {
			isa = PBXGroup;
			children = (
				EBD2AA11208173620013E932 /* InfoBus.app */,
			);
			name = Products;
			sourceTree = "<group>";
		};
		EBD2AA13208173620013E932 /* InfoBus */ = {
			isa = PBXGroup;
			children = (
				EBD2AA26208174BA0013E932 /* popayan_logo.png */,
				EB06626D20B0C23200EC5762 /* Rutas.db */,
				EBCF0B22209789490048D46D /* ruta.png */,
				EB082C56209391E200E5CCCA /* popayan_logo2.png */,
				EBD2AA14208173620013E932 /* AppDelegate.swift */,
				EBD2AA16208173620013E932 /* ViewController.swift */,
				EBD2AA18208173620013E932 /* Main.storyboard */,
				EB042B4020A34CF600A1CD5D /* BarcodeViewController.swift */,
				EBB9E9952093F3240095A4B6 /* Ruta.swift */,
				EBB9E9972093F5F00095A4B6 /* RutasManager.swift */,
				EBB9E9932093F2BB0095A4B6 /* RutaTableViewController.swift */,
				EBB9E99B209405080095A4B6 /* RutaViewController.swift */,
				EBD2AA1B208173620013E932 /* Assets.xcassets */,
				EBD2AA1D208173620013E932 /* LaunchScreen.storyboard */,
				EBD2AA20208173620013E932 /* Info.plist */,
			);
			path = InfoBus;
			sourceTree = "<group>";
		};
/* End PBXGroup section */

/* Begin PBXNativeTarget section */
		EBD2AA10208173620013E932 /* InfoBus */ = {
			isa = PBXNativeTarget;
			buildConfigurationList = EBD2AA23208173620013E932 /* Build configuration list for PBXNativeTarget "InfoBus" */;
			buildPhases = (
				EBD2AA0D208173620013E932 /* Sources */,
				EBD2AA0E208173620013E932 /* Frameworks */,
				EBD2AA0F208173620013E932 /* Resources */,
			);
			buildRules = (
			);
			dependencies = (
			);
			name = InfoBus;
			productName = InfoBus;
			productReference = EBD2AA11208173620013E932 /* InfoBus.app */;
			productType = "com.apple.product-type.application";
		};
/* End PBXNativeTarget section */

/* Begin PBXProject section */
		EBD2AA09208173620013E932 /* Project object */ = {
			isa = PBXProject;
			attributes = {
				LastSwiftUpdateCheck = 0920;
				LastUpgradeCheck = 0920;
				ORGANIZATIONNAME = roker;
				TargetAttributes = {
					EBD2AA10208173620013E932 = {
						CreatedOnToolsVersion = 9.2;
						ProvisioningStyle = Automatic;
					};
				};
			};
			buildConfigurationList = EBD2AA0C208173620013E932 /* Build configuration list for PBXProject "InfoBus" */;
			compatibilityVersion = "Xcode 8.0";
			developmentRegion = en;
			hasScannedForEncodings = 0;
			knownRegions = (
				en,
				Base,
			);
			mainGroup = EBD2AA08208173620013E932;
			productRefGroup = EBD2AA12208173620013E932 /* Products */;
			projectDirPath = "";
			projectRoot = "";
			targets = (
				EBD2AA10208173620013E932 /* InfoBus */,
			);
		};
/* End PBXProject section */

/* Begin PBXResourcesBuildPhase section */
		EBD2AA0F208173620013E932 /* Resources */ = {
			isa = PBXResourcesBuildPhase;
			buildActionMask = 2147483647;
			files = (
				EBD2AA1F208173620013E932 /* LaunchScreen.storyboard in Resources */,
				EB082C57209391E200E5CCCA /* popayan_logo2.png in Resources */,
				EBD2AA1C208173620013E932 /* Assets.xcassets in Resources */,
				EB06626E20B0C23200EC5762 /* Rutas.db in Resources */,
				EBD2AA1A208173620013E932 /* Main.storyboard in Resources */,
				EBD2AA27208174BA0013E932 /* popayan_logo.png in Resources */,
				EBCF0B23209789490048D46D /* ruta.png in Resources */,
			);
			runOnlyForDeploymentPostprocessing = 0;
		};
/* End PBXResourcesBuildPhase section */

/* Begin PBXSourcesBuildPhase section */
		EBD2AA0D208173620013E932 /* Sources */ = {
			isa = PBXSourcesBuildPhase;
			buildActionMask = 2147483647;
			files = (
				EBB9E9962093F3240095A4B6 /* Ruta.swift in Sources */,
				EBD2AA17208173620013E932 /* ViewController.swift in Sources */,
				EBB9E99C209405080095A4B6 /* RutaViewController.swift in Sources */,
				EBD2AA15208173620013E932 /* AppDelegate.swift in Sources */,
				EBB9E9942093F2BB0095A4B6 /* RutaTableViewController.swift in Sources */,
				EBB9E9982093F5F00095A4B6 /* RutasManager.swift in Sources */,
				EB042B4120A34CF600A1CD5D /* BarcodeViewController.swift in Sources */,
			);
			runOnlyForDeploymentPostprocessing = 0;
		};
/* End PBXSourcesBuildPhase section */

/* Begin PBXVariantGroup section */
		EBD2AA18208173620013E932 /* Main.storyboard */ = {
			isa = PBXVariantGroup;
			children = (
				EBD2AA19208173620013E932 /* Base */,
			);
			name = Main.storyboard;
			sourceTree = "<group>";
		};
		EBD2AA1D208173620013E932 /* LaunchScreen.storyboard */ = {
			isa = PBXVariantGroup;
			children = (
				EBD2AA1E208173620013E932 /* Base */,
			);
			name = LaunchScreen.storyboard;
			sourceTree = "<group>";
		};
/* End PBXVariantGroup section */

/* Begin XCBuildConfiguration section */
		EBD2AA21208173620013E932 /* Debug */ = {
			isa = XCBuildConfiguration;
			buildSettings = {
				ALWAYS_SEARCH_USER_PATHS = NO;
				CLANG_ANALYZER_NONNULL = YES;
				CLANG_ANALYZER_NUMBER_OBJECT_CONVERSION = YES_AGGRESSIVE;
				CLANG_CXX_LANGUAGE_STANDARD = "gnu++14";
				CLANG_CXX_LIBRARY = "libc++";
				CLANG_ENABLE_MODULES = YES;
				CLANG_ENABLE_OBJC_ARC = YES;
				CLANG_WARN_BLOCK_CAPTURE_AUTORELEASING = YES;
				CLANG_WARN_BOOL_CONVERSION = YES;
				CLANG_WARN_COMMA = YES;
				CLANG_WARN_CONSTANT_CONVERSION = YES;
				CLANG_WARN_DIRECT_OBJC_ISA_USAGE = YES_ERROR;
				CLANG_WARN_DOCUMENTATION_COMMENTS = YES;
				CLANG_WARN_EMPTY_BODY = YES;
				CLANG_WARN_ENUM_CONVERSION = YES;
				CLANG_WARN_INFINITE_RECURSION = YES;
				CLANG_WARN_INT_CONVERSION = YES;
				CLANG_WARN_NON_LITERAL_NULL_CONVERSION = YES;
				CLANG_WARN_OBJC_LITERAL_CONVERSION = YES;
				CLANG_WARN_OBJC_ROOT_CLASS = YES_ERROR;
				CLANG_WARN_RANGE_LOOP_ANALYSIS = YES;
				CLANG_WARN_STRICT_PROTOTYPES = YES;
				CLANG_WARN_SUSPICIOUS_MOVE = YES;
				CLANG_WARN_UNGUARDED_AVAILABILITY = YES_AGGRESSIVE;
				CLANG_WARN_UNREACHABLE_CODE = YES;
				CLANG_WARN__DUPLICATE_METHOD_MATCH = YES;
				CODE_SIGN_IDENTITY = "iPhone Developer";
				COPY_PHASE_STRIP = NO;
				DEBUG_INFORMATION_FORMAT = dwarf;
				ENABLE_STRICT_OBJC_MSGSEND = YES;
				ENABLE_TESTABILITY = YES;
				GCC_C_LANGUAGE_STANDARD = gnu11;
				GCC_DYNAMIC_NO_PIC = NO;
				GCC_NO_COMMON_BLOCKS = YES;
				GCC_OPTIMIZATION_LEVEL = 0;
				GCC_PREPROCESSOR_DEFINITIONS = (
					"DEBUG=1",
					"$(inherited)",
				);
				GCC_WARN_64_TO_32_BIT_CONVERSION = YES;
				GCC_WARN_ABOUT_RETURN_TYPE = YES_ERROR;
				GCC_WARN_UNDECLARED_SELECTOR = YES;
				GCC_WARN_UNINITIALIZED_AUTOS = YES_AGGRESSIVE;
				GCC_WARN_UNUSED_FUNCTION = YES;
				GCC_WARN_UNUSED_VARIABLE = YES;
				IPHONEOS_DEPLOYMENT_TARGET = 11.2;
				MTL_ENABLE_DEBUG_INFO = YES;
				ONLY_ACTIVE_ARCH = YES;
				SDKROOT = iphoneos;
				SWIFT_ACTIVE_COMPILATION_CONDITIONS = DEBUG;
				SWIFT_OPTIMIZATION_LEVEL = "-Onone";
			};
			name = Debug;
		};
		EBD2AA22208173620013E932 /* Release */ = {
			isa = XCBuildConfiguration;
			buildSettings = {
				ALWAYS_SEARCH_USER_PATHS = NO;
				CLANG_ANALYZER_NONNULL = YES;
				CLANG_ANALYZER_NUMBER_OBJECT_CONVERSION = YES_AGGRESSIVE;
				CLANG_CXX_LANGUAGE_STANDARD = "gnu++14";
				CLANG_CXX_LIBRARY = "libc++";
				CLANG_ENABLE_MODULES = YES;
				CLANG_ENABLE_OBJC_ARC = YES;
				CLANG_WARN_BLOCK_CAPTURE_AUTORELEASING = YES;
				CLANG_WARN_BOOL_CONVERSION = YES;
				CLANG_WARN_COMMA = YES;
				CLANG_WARN_CONSTANT_CONVERSION = YES;
				CLANG_WARN_DIRECT_OBJC_ISA_USAGE = YES_ERROR;
				CLANG_WARN_DOCUMENTATION_COMMENTS = YES;
				CLANG_WARN_EMPTY_BODY = YES;
				CLANG_WARN_ENUM_CONVERSION = YES;
				CLANG_WARN_INFINITE_RECURSION = YES;
				CLANG_WARN_INT_CONVERSION = YES;
				CLANG_WARN_NON_LITERAL_NULL_CONVERSION = YES;
				CLANG_WARN_OBJC_LITERAL_CONVERSION = YES;
				CLANG_WARN_OBJC_ROOT_CLASS = YES_ERROR;
				CLANG_WARN_RANGE_LOOP_ANALYSIS = YES;
				CLANG_WARN_STRICT_PROTOTYPES = YES;
				CLANG_WARN_SUSPICIOUS_MOVE = YES;
				CLANG_WARN_UNGUARDED_AVAILABILITY = YES_AGGRESSIVE;
				CLANG_WARN_UNREACHABLE_CODE = YES;
				CLANG_WARN__DUPLICATE_METHOD_MATCH = YES;
				CODE_SIGN_IDENTITY = "iPhone Developer";
				COPY_PHASE_STRIP = NO;
				DEBUG_INFORMATION_FORMAT = "dwarf-with-dsym";
				ENABLE_NS_ASSERTIONS = NO;
				ENABLE_STRICT_OBJC_MSGSEND = YES;
				GCC_C_LANGUAGE_STANDARD = gnu11;
				GCC_NO_COMMON_BLOCKS = YES;
				GCC_WARN_64_TO_32_BIT_CONVERSION = YES;
				GCC_WARN_ABOUT_RETURN_TYPE = YES_ERROR;
				GCC_WARN_UNDECLARED_SELECTOR = YES;
				GCC_WARN_UNINITIALIZED_AUTOS = YES_AGGRESSIVE;
				GCC_WARN_UNUSED_FUNCTION = YES;
				GCC_WARN_UNUSED_VARIABLE = YES;
				IPHONEOS_DEPLOYMENT_TARGET = 11.2;
				MTL_ENABLE_DEBUG_INFO = NO;
				SDKROOT = iphoneos;
				SWIFT_OPTIMIZATION_LEVEL = "-Owholemodule";
				VALIDATE_PRODUCT = YES;
			};
			name = Release;
		};
		EBD2AA24208173620013E932 /* Debug */ = {
			isa = XCBuildConfiguration;
			buildSettings = {
				ASSETCATALOG_COMPILER_APPICON_NAME = AppIcon;
				CODE_SIGN_STYLE = Automatic;
				DEVELOPMENT_TEAM = YFS3845SR9;
				INFOPLIST_FILE = InfoBus/Info.plist;
				IPHONEOS_DEPLOYMENT_TARGET = 11.2;
				LD_RUNPATH_SEARCH_PATHS = "$(inherited) @executable_path/Frameworks";
				PRODUCT_BUNDLE_IDENTIFIER = roker.ios.2018.InfoBus;
				PRODUCT_NAME = "$(TARGET_NAME)";
				SWIFT_VERSION = 4.0;
				TARGETED_DEVICE_FAMILY = "1,2";
			};
			name = Debug;
		};
		EBD2AA25208173620013E932 /* Release */ = {
			isa = XCBuildConfiguration;
			buildSettings = {
				ASSETCATALOG_COMPILER_APPICON_NAME = AppIcon;
				CODE_SIGN_STYLE = Automatic;
				DEVELOPMENT_TEAM = YFS3845SR9;
				INFOPLIST_FILE = InfoBus/Info.plist;
				IPHONEOS_DEPLOYMENT_TARGET = 11.2;
				LD_RUNPATH_SEARCH_PATHS = "$(inherited) @executable_path/Frameworks";
				PRODUCT_BUNDLE_IDENTIFIER = roker.ios.2018.InfoBus;
				PRODUCT_NAME = "$(TARGET_NAME)";
				SWIFT_VERSION = 4.0;
				TARGETED_DEVICE_FAMILY = "1,2";
			};
			name = Release;
		};
/* End XCBuildConfiguration section */

/* Begin XCConfigurationList section */
		EBD2AA0C208173620013E932 /* Build configuration list for PBXProject "InfoBus" */ = {
			isa = XCConfigurationList;
			buildConfigurations = (
				EBD2AA21208173620013E932 /* Debug */,
				EBD2AA22208173620013E932 /* Release */,
			);
			defaultConfigurationIsVisible = 0;
			defaultConfigurationName = Release;
		};
		EBD2AA23208173620013E932 /* Build configuration list for PBXNativeTarget "InfoBus" */ = {
			isa = XCConfigurationList;
			buildConfigurations = (
				EBD2AA24208173620013E932 /* Debug */,
				EBD2AA25208173620013E932 /* Release */,
			);
			defaultConfigurationIsVisible = 0;
			defaultConfigurationName = Release;
		};
/* End XCConfigurationList section */
	};
	rootObject = EBD2AA09208173620013E932 /* Project object */;
}
